// !$*UTF8*$!
{
	archiveVersion = 1;
	classes = {
	};
	objectVersion = 46;
	objects = {

/* Begin PBXBuildFile section */
		423B6F3F1C153DA600EBA335 /* FlightStatsCommunicator.m in Sources */ = {isa = PBXBuildFile; fileRef = 423B6F3E1C153DA600EBA335 /* FlightStatsCommunicator.m */; };
		424845371C112BD8002686EC /* FlightsTableViewController.m in Sources */ = {isa = PBXBuildFile; fileRef = 424845361C112BD8002686EC /* FlightsTableViewController.m */; };
		4248453A1C1136E5002686EC /* FlightStatus.m in Sources */ = {isa = PBXBuildFile; fileRef = 424845391C1136E5002686EC /* FlightStatus.m */; };
		4248453D1C113FFA002686EC /* FlightStatusTableViewCell.m in Sources */ = {isa = PBXBuildFile; fileRef = 4248453C1C113FFA002686EC /* FlightStatusTableViewCell.m */; };
		427808D51C165FC7007DA42C /* FlightStatusSearch.m in Sources */ = {isa = PBXBuildFile; fileRef = 427808D41C165FC7007DA42C /* FlightStatusSearch.m */; };
		427B9DD51C110EED0056F625 /* main.m in Sources */ = {isa = PBXBuildFile; fileRef = 427B9DD41C110EED0056F625 /* main.m */; };
		427B9DD81C110EED0056F625 /* AppDelegate.m in Sources */ = {isa = PBXBuildFile; fileRef = 427B9DD71C110EED0056F625 /* AppDelegate.m */; };
		427B9DDB1C110EED0056F625 /* ViewController.m in Sources */ = {isa = PBXBuildFile; fileRef = 427B9DDA1C110EED0056F625 /* ViewController.m */; };
		427B9DDE1C110EED0056F625 /* Main.storyboard in Resources */ = {isa = PBXBuildFile; fileRef = 427B9DDC1C110EED0056F625 /* Main.storyboard */; };
		427B9DE01C110EED0056F625 /* Images.xcassets in Resources */ = {isa = PBXBuildFile; fileRef = 427B9DDF1C110EED0056F625 /* Images.xcassets */; };
		427B9DE31C110EED0056F625 /* LaunchScreen.xib in Resources */ = {isa = PBXBuildFile; fileRef = 427B9DE11C110EED0056F625 /* LaunchScreen.xib */; };
		427B9DEF1C110EED0056F625 /* FlightSearchTests.m in Sources */ = {isa = PBXBuildFile; fileRef = 427B9DEE1C110EED0056F625 /* FlightSearchTests.m */; };
		42D5DFF01C16C921002EFFC0 /* airplane_white.png in Resources */ = {isa = PBXBuildFile; fileRef = 42D5DFEF1C16C921002EFFC0 /* airplane_white.png */; };
		42D5DFFA1C16DE21002EFFC0 /* bgl.jpg in Resources */ = {isa = PBXBuildFile; fileRef = 42D5DFF91C16DE21002EFFC0 /* bgl.jpg */; };
/* End PBXBuildFile section */

/* Begin PBXContainerItemProxy section */
		427B9DE91C110EED0056F625 /* PBXContainerItemProxy */ = {
			isa = PBXContainerItemProxy;
			containerPortal = 427B9DC71C110EED0056F625 /* Project object */;
			proxyType = 1;
			remoteGlobalIDString = 427B9DCE1C110EED0056F625;
			remoteInfo = FlightSearch;
		};
/* End PBXContainerItemProxy section */

/* Begin PBXFileReference section */
		423B6F3D1C153DA600EBA335 /* FlightStatsCommunicator.h */ = {isa = PBXFileReference; fileEncoding = 4; lastKnownFileType = sourcecode.c.h; path = FlightStatsCommunicator.h; sourceTree = "<group>"; };
		423B6F3E1C153DA600EBA335 /* FlightStatsCommunicator.m */ = {isa = PBXFileReference; fileEncoding = 4; lastKnownFileType = sourcecode.c.objc; path = FlightStatsCommunicator.m; sourceTree = "<group>"; };
		424845351C112BD7002686EC /* FlightsTableViewController.h */ = {isa = PBXFileReference; fileEncoding = 4; lastKnownFileType = sourcecode.c.h; path = FlightsTableViewController.h; sourceTree = "<group>"; };
		424845361C112BD8002686EC /* FlightsTableViewController.m */ = {isa = PBXFileReference; fileEncoding = 4; lastKnownFileType = sourcecode.c.objc; path = FlightsTableViewController.m; sourceTree = "<group>"; };
		424845381C1136E5002686EC /* FlightStatus.h */ = {isa = PBXFileReference; fileEncoding = 4; lastKnownFileType = sourcecode.c.h; path = FlightStatus.h; sourceTree = "<group>"; };
		424845391C1136E5002686EC /* FlightStatus.m */ = {isa = PBXFileReference; fileEncoding = 4; lastKnownFileType = sourcecode.c.objc; path = FlightStatus.m; sourceTree = "<group>"; };
		4248453B1C113FFA002686EC /* FlightStatusTableViewCell.h */ = {isa = PBXFileReference; fileEncoding = 4; lastKnownFileType = sourcecode.c.h; path = FlightStatusTableViewCell.h; sourceTree = "<group>"; };
		4248453C1C113FFA002686EC /* FlightStatusTableViewCell.m */ = {isa = PBXFileReference; fileEncoding = 4; lastKnownFileType = sourcecode.c.objc; path = FlightStatusTableViewCell.m; sourceTree = "<group>"; };
		427808D21C162D88007DA42C /* FlightStatsCommunicatorDelegate.h */ = {isa = PBXFileReference; lastKnownFileType = sourcecode.c.h; path = FlightStatsCommunicatorDelegate.h; sourceTree = "<group>"; };
		427808D31C165FC7007DA42C /* FlightStatusSearch.h */ = {isa = PBXFileReference; fileEncoding = 4; lastKnownFileType = sourcecode.c.h; path = FlightStatusSearch.h; sourceTree = "<group>"; };
		427808D41C165FC7007DA42C /* FlightStatusSearch.m */ = {isa = PBXFileReference; fileEncoding = 4; lastKnownFileType = sourcecode.c.objc; path = FlightStatusSearch.m; sourceTree = "<group>"; };
		427B9DCF1C110EED0056F625 /* FlightSearch.app */ = {isa = PBXFileReference; explicitFileType = wrapper.application; includeInIndex = 0; path = FlightSearch.app; sourceTree = BUILT_PRODUCTS_DIR; };
		427B9DD31C110EED0056F625 /* Info.plist */ = {isa = PBXFileReference; lastKnownFileType = text.plist.xml; path = Info.plist; sourceTree = "<group>"; };
		427B9DD41C110EED0056F625 /* main.m */ = {isa = PBXFileReference; lastKnownFileType = sourcecode.c.objc; path = main.m; sourceTree = "<group>"; };
		427B9DD61C110EED0056F625 /* AppDelegate.h */ = {isa = PBXFileReference; lastKnownFileType = sourcecode.c.h; path = AppDelegate.h; sourceTree = "<group>"; };
		427B9DD71C110EED0056F625 /* AppDelegate.m */ = {isa = PBXFileReference; lastKnownFileType = sourcecode.c.objc; path = AppDelegate.m; sourceTree = "<group>"; };
		427B9DD91C110EED0056F625 /* ViewController.h */ = {isa = PBXFileReference; lastKnownFileType = sourcecode.c.h; path = ViewController.h; sourceTree = "<group>"; };
		427B9DDA1C110EED0056F625 /* ViewController.m */ = {isa = PBXFileReference; lastKnownFileType = sourcecode.c.objc; path = ViewController.m; sourceTree = "<group>"; };
		427B9DDD1C110EED0056F625 /* Base */ = {isa = PBXFileReference; lastKnownFileType = file.storyboard; name = Base; path = Base.lproj/Main.storyboard; sourceTree = "<group>"; };
		427B9DDF1C110EED0056F625 /* Images.xcassets */ = {isa = PBXFileReference; lastKnownFileType = folder.assetcatalog; path = Images.xcassets; sourceTree = "<group>"; };
		427B9DE21C110EED0056F625 /* Base */ = {isa = PBXFileReference; lastKnownFileType = file.xib; name = Base; path = Base.lproj/LaunchScreen.xib; sourceTree = "<group>"; };
		427B9DE81C110EED0056F625 /* FlightSearchTests.xctest */ = {isa = PBXFileReference; explicitFileType = wrapper.cfbundle; includeInIndex = 0; path = FlightSearchTests.xctest; sourceTree = BUILT_PRODUCTS_DIR; };
		427B9DED1C110EED0056F625 /* Info.plist */ = {isa = PBXFileReference; lastKnownFileType = text.plist.xml; path = Info.plist; sourceTree = "<group>"; };
		427B9DEE1C110EED0056F625 /* FlightSearchTests.m */ = {isa = PBXFileReference; lastKnownFileType = sourcecode.c.objc; path = FlightSearchTests.m; sourceTree = "<group>"; };
		42D5DFEF1C16C921002EFFC0 /* airplane_white.png */ = {isa = PBXFileReference; lastKnownFileType = image.png; path = airplane_white.png; sourceTree = "<group>"; };
		42D5DFF91C16DE21002EFFC0 /* bgl.jpg */ = {isa = PBXFileReference; lastKnownFileType = image.jpeg; path = bgl.jpg; sourceTree = "<group>"; };
/* End PBXFileReference section */

/* Begin PBXFrameworksBuildPhase section */
		427B9DCC1C110EED0056F625 /* Frameworks */ = {
			isa = PBXFrameworksBuildPhase;
			buildActionMask = 2147483647;
			files = (
			);
			runOnlyForDeploymentPostprocessing = 0;
		};
		427B9DE51C110EED0056F625 /* Frameworks */ = {
			isa = PBXFrameworksBuildPhase;
			buildActionMask = 2147483647;
			files = (
			);
			runOnlyForDeploymentPostprocessing = 0;
		};
/* End PBXFrameworksBuildPhase section */

/* Begin PBXGroup section */
		427B9DC61C110EED0056F625 = {
			isa = PBXGroup;
			children = (
				427B9DD11C110EED0056F625 /* FlightSearch */,
				427B9DEB1C110EED0056F625 /* FlightSearchTests */,
				427B9DD01C110EED0056F625 /* Products */,
			);
			sourceTree = "<group>";
		};
		427B9DD01C110EED0056F625 /* Products */ = {
			isa = PBXGroup;
			children = (
				427B9DCF1C110EED0056F625 /* FlightSearch.app */,
				427B9DE81C110EED0056F625 /* FlightSearchTests.xctest */,
			);
			name = Products;
			sourceTree = "<group>";
		};
		427B9DD11C110EED0056F625 /* FlightSearch */ = {
			isa = PBXGroup;
			children = (
				427B9DD61C110EED0056F625 /* AppDelegate.h */,
				427B9DD71C110EED0056F625 /* AppDelegate.m */,
				427B9DD91C110EED0056F625 /* ViewController.h */,
				427B9DDA1C110EED0056F625 /* ViewController.m */,
				427B9DDC1C110EED0056F625 /* Main.storyboard */,
				424845351C112BD7002686EC /* FlightsTableViewController.h */,
				424845361C112BD8002686EC /* FlightsTableViewController.m */,
				4248453B1C113FFA002686EC /* FlightStatusTableViewCell.h */,
				4248453C1C113FFA002686EC /* FlightStatusTableViewCell.m */,
				424845381C1136E5002686EC /* FlightStatus.h */,
				424845391C1136E5002686EC /* FlightStatus.m */,
				427808D31C165FC7007DA42C /* FlightStatusSearch.h */,
				427808D41C165FC7007DA42C /* FlightStatusSearch.m */,
				423B6F3D1C153DA600EBA335 /* FlightStatsCommunicator.h */,
				423B6F3E1C153DA600EBA335 /* FlightStatsCommunicator.m */,
				427808D21C162D88007DA42C /* FlightStatsCommunicatorDelegate.h */,
				427B9DDF1C110EED0056F625 /* Images.xcassets */,
				427B9DE11C110EED0056F625 /* LaunchScreen.xib */,
				427B9DD21C110EED0056F625 /* Supporting Files */,
			);
			path = FlightSearch;
			sourceTree = "<group>";
		};
		427B9DD21C110EED0056F625 /* Supporting Files */ = {
			isa = PBXGroup;
			children = (
				427B9DD31C110EED0056F625 /* Info.plist */,
				427B9DD41C110EED0056F625 /* main.m */,
				42D5DFEF1C16C921002EFFC0 /* airplane_white.png */,
				42D5DFF91C16DE21002EFFC0 /* bgl.jpg */,
			);
			name = "Supporting Files";
			sourceTree = "<group>";
		};
		427B9DEB1C110EED0056F625 /* FlightSearchTests */ = {
			isa = PBXGroup;
			children = (
				427B9DEE1C110EED0056F625 /* FlightSearchTests.m */,
				427B9DEC1C110EED0056F625 /* Supporting Files */,
			);
			path = FlightSearchTests;
			sourceTree = "<group>";
		};
		427B9DEC1C110EED0056F625 /* Supporting Files */ = {
			isa = PBXGroup;
			children = (
				427B9DED1C110EED0056F625 /* Info.plist */,
			);
			name = "Supporting Files";
			sourceTree = "<group>";
		};
/* End PBXGroup section */

/* Begin PBXNativeTarget section */
		427B9DCE1C110EED0056F625 /* FlightSearch */ = {
			isa = PBXNativeTarget;
			buildConfigurationList = 427B9DF21C110EED0056F625 /* Build configuration list for PBXNativeTarget "FlightSearch" */;
			buildPhases = (
				427B9DCB1C110EED0056F625 /* Sources */,
				427B9DCC1C110EED0056F625 /* Frameworks */,
				427B9DCD1C110EED0056F625 /* Resources */,
			);
			buildRules = (
			);
			dependencies = (
			);
			name = FlightSearch;
			productName = FlightSearch;
			productReference = 427B9DCF1C110EED0056F625 /* FlightSearch.app */;
			productType = "com.apple.product-type.application";
		};
		427B9DE71C110EED0056F625 /* FlightSearchTests */ = {
			isa = PBXNativeTarget;
			buildConfigurationList = 427B9DF51C110EED0056F625 /* Build configuration list for PBXNativeTarget "FlightSearchTests" */;
			buildPhases = (
				427B9DE41C110EED0056F625 /* Sources */,
				427B9DE51C110EED0056F625 /* Frameworks */,
				427B9DE61C110EED0056F625 /* Resources */,
			);
			buildRules = (
			);
			dependencies = (
				427B9DEA1C110EED0056F625 /* PBXTargetDependency */,
			);
			name = FlightSearchTests;
			productName = FlightSearchTests;
			productReference = 427B9DE81C110EED0056F625 /* FlightSearchTests.xctest */;
			productType = "com.apple.product-type.bundle.unit-test";
		};
/* End PBXNativeTarget section */

/* Begin PBXProject section */
		427B9DC71C110EED0056F625 /* Project object */ = {
			isa = PBXProject;
			attributes = {
				LastUpgradeCheck = 0620;
				ORGANIZATIONNAME = adamthagard;
				TargetAttributes = {
					427B9DCE1C110EED0056F625 = {
						CreatedOnToolsVersion = 6.2;
					};
					427B9DE71C110EED0056F625 = {
						CreatedOnToolsVersion = 6.2;
						TestTargetID = 427B9DCE1C110EED0056F625;
					};
				};
			};
			buildConfigurationList = 427B9DCA1C110EED0056F625 /* Build configuration list for PBXProject "FlightSearch" */;
			compatibilityVersion = "Xcode 3.2";
			developmentRegion = English;
			hasScannedForEncodings = 0;
			knownRegions = (
				en,
				Base,
			);
			mainGroup = 427B9DC61C110EED0056F625;
			productRefGroup = 427B9DD01C110EED0056F625 /* Products */;
			projectDirPath = "";
			projectRoot = "";
			targets = (
				427B9DCE1C110EED0056F625 /* FlightSearch */,
				427B9DE71C110EED0056F625 /* FlightSearchTests */,
			);
		};
/* End PBXProject section */

/* Begin PBXResourcesBuildPhase section */
		427B9DCD1C110EED0056F625 /* Resources */ = {
			isa = PBXResourcesBuildPhase;
			buildActionMask = 2147483647;
			files = (
				427B9DDE1C110EED0056F625 /* Main.storyboard in Resources */,
				42D5DFFA1C16DE21002EFFC0 /* bgl.jpg in Resources */,
				42D5DFF01C16C921002EFFC0 /* airplane_white.png in Resources */,
				427B9DE31C110EED0056F625 /* LaunchScreen.xib in Resources */,
				427B9DE01C110EED0056F625 /* Images.xcassets in Resources */,
			);
			runOnlyForDeploymentPostprocessing = 0;
		};
		427B9DE61C110EED0056F625 /* Resources */ = {
			isa = PBXResourcesBuildPhase;
			buildActionMask = 2147483647;
			files = (
			);
			runOnlyForDeploymentPostprocessing = 0;
		};
/* End PBXResourcesBuildPhase section */

/* Begin PBXSourcesBuildPhase section */
		427B9DCB1C110EED0056F625 /* Sources */ = {
			isa = PBXSourcesBuildPhase;
			buildActionMask = 2147483647;
			files = (
				427B9DDB1C110EED0056F625 /* ViewController.m in Sources */,
				427B9DD81C110EED0056F625 /* AppDelegate.m in Sources */,
				4248453A1C1136E5002686EC /* FlightStatus.m in Sources */,
				4248453D1C113FFA002686EC /* FlightStatusTableViewCell.m in Sources */,
				427B9DD51C110EED0056F625 /* main.m in Sources */,
				424845371C112BD8002686EC /* FlightsTableViewController.m in Sources */,
				423B6F3F1C153DA600EBA335 /* FlightStatsCommunicator.m in Sources */,
				427808D51C165FC7007DA42C /* FlightStatusSearch.m in Sources */,
			);
			runOnlyForDeploymentPostprocessing = 0;
		};
		427B9DE41C110EED0056F625 /* Sources */ = {
			isa = PBXSourcesBuildPhase;
			buildActionMask = 2147483647;
			files = (
				427B9DEF1C110EED0056F625 /* FlightSearchTests.m in Sources */,
			);
			runOnlyForDeploymentPostprocessing = 0;
		};
/* End PBXSourcesBuildPhase section */

/* Begin PBXTargetDependency section */
		427B9DEA1C110EED0056F625 /* PBXTargetDependency */ = {
			isa = PBXTargetDependency;
			target = 427B9DCE1C110EED0056F625 /* FlightSearch */;
			targetProxy = 427B9DE91C110EED0056F625 /* PBXContainerItemProxy */;
		};
/* End PBXTargetDependency section */

/* Begin PBXVariantGroup section */
		427B9DDC1C110EED0056F625 /* Main.storyboard */ = {
			isa = PBXVariantGroup;
			children = (
				427B9DDD1C110EED0056F625 /* Base */,
			);
			name = Main.storyboard;
			sourceTree = "<group>";
		};
		427B9DE11C110EED0056F625 /* LaunchScreen.xib */ = {
			isa = PBXVariantGroup;
			children = (
				427B9DE21C110EED0056F625 /* Base */,
			);
			name = LaunchScreen.xib;
			sourceTree = "<group>";
		};
/* End PBXVariantGroup section */

/* Begin XCBuildConfiguration section */
		427B9DF01C110EED0056F625 /* Debug */ = {
			isa = XCBuildConfiguration;
			buildSettings = {
				ALWAYS_SEARCH_USER_PATHS = NO;
				CLANG_CXX_LANGUAGE_STANDARD = "gnu++0x";
				CLANG_CXX_LIBRARY = "libc++";
				CLANG_ENABLE_MODULES = YES;
				CLANG_ENABLE_OBJC_ARC = YES;
				CLANG_WARN_BOOL_CONVERSION = YES;
				CLANG_WARN_CONSTANT_CONVERSION = YES;
				CLANG_WARN_DIRECT_OBJC_ISA_USAGE = YES_ERROR;
				CLANG_WARN_EMPTY_BODY = YES;
				CLANG_WARN_ENUM_CONVERSION = YES;
				CLANG_WARN_INT_CONVERSION = YES;
				CLANG_WARN_OBJC_ROOT_CLASS = YES_ERROR;
				CLANG_WARN_UNREACHABLE_CODE = YES;
				CLANG_WARN__DUPLICATE_METHOD_MATCH = YES;
				"CODE_SIGN_IDENTITY[sdk=iphoneos*]" = "iPhone Developer";
				COPY_PHASE_STRIP = NO;
				ENABLE_STRICT_OBJC_MSGSEND = YES;
				GCC_C_LANGUAGE_STANDARD = gnu99;
				GCC_DYNAMIC_NO_PIC = NO;
				GCC_OPTIMIZATION_LEVEL = 0;
				GCC_PREPROCESSOR_DEFINITIONS = (
					"DEBUG=1",
					"$(inherited)",
				);
				GCC_SYMBOLS_PRIVATE_EXTERN = NO;
				GCC_WARN_64_TO_32_BIT_CONVERSION = YES;
				GCC_WARN_ABOUT_RETURN_TYPE = YES_ERROR;
				GCC_WARN_UNDECLARED_SELECTOR = YES;
				GCC_WARN_UNINITIALIZED_AUTOS = YES_AGGRESSIVE;
				GCC_WARN_UNUSED_FUNCTION = YES;
				GCC_WARN_UNUSED_VARIABLE = YES;
				IPHONEOS_DEPLOYMENT_TARGET = 8.0;
				MTL_ENABLE_DEBUG_INFO = YES;
				ONLY_ACTIVE_ARCH = YES;
				SDKROOT = iphoneos;
				TARGETED_DEVICE_FAMILY = "1,2";
			};
			name = Debug;
		};
		427B9DF11C110EED0056F625 /* Release */ = {
			isa = XCBuildConfiguration;
			buildSettings = {
				ALWAYS_SEARCH_USER_PATHS = NO;
				CLANG_CXX_LANGUAGE_STANDARD = "gnu++0x";
				CLANG_CXX_LIBRARY = "libc++";
				CLANG_ENABLE_MODULES = YES;
				CLANG_ENABLE_OBJC_ARC = YES;
				CLANG_WARN_BOOL_CONVERSION = YES;
				CLANG_WARN_CONSTANT_CONVERSION = YES;
				CLANG_WARN_DIRECT_OBJC_ISA_USAGE = YES_ERROR;
				CLANG_WARN_EMPTY_BODY = YES;
				CLANG_WARN_ENUM_CONVERSION = YES;
				CLANG_WARN_INT_CONVERSION = YES;
				CLANG_WARN_OBJC_ROOT_CLASS = YES_ERROR;
				CLANG_WARN_UNREACHABLE_CODE = YES;
				CLANG_WARN__DUPLICATE_METHOD_MATCH = YES;
				"CODE_SIGN_IDENTITY[sdk=iphoneos*]" = "iPhone Developer";
				COPY_PHASE_STRIP = NO;
				ENABLE_NS_ASSERTIONS = NO;
				ENABLE_STRICT_OBJC_MSGSEND = YES;
				GCC_C_LANGUAGE_STANDARD = gnu99;
				GCC_WARN_64_TO_32_BIT_CONVERSION = YES;
				GCC_WARN_ABOUT_RETURN_TYPE = YES_ERROR;
				GCC_WARN_UNDECLARED_SELECTOR = YES;
				GCC_WARN_UNINITIALIZED_AUTOS = YES_AGGRESSIVE;
				GCC_WARN_UNUSED_FUNCTION = YES;
				GCC_WARN_UNUSED_VARIABLE = YES;
				IPHONEOS_DEPLOYMENT_TARGET = 8.0;
				MTL_ENABLE_DEBUG_INFO = NO;
				SDKROOT = iphoneos;
				TARGETED_DEVICE_FAMILY = "1,2";
				VALIDATE_PRODUCT = YES;
			};
			name = Release;
		};
		427B9DF31C110EED0056F625 /* Debug */ = {
			isa = XCBuildConfiguration;
			buildSettings = {
				ASSETCATALOG_COMPILER_APPICON_NAME = AppIcon;
				INFOPLIST_FILE = FlightSearch/Info.plist;
				IPHONEOS_DEPLOYMENT_TARGET = 8.0;
				LD_RUNPATH_SEARCH_PATHS = "$(inherited) @executable_path/Frameworks";
				PRODUCT_NAME = "$(TARGET_NAME)";
			};
			name = Debug;
		};
		427B9DF41C110EED0056F625 /* Release */ = {
			isa = XCBuildConfiguration;
			buildSettings = {
				ASSETCATALOG_COMPILER_APPICON_NAME = AppIcon;
				INFOPLIST_FILE = FlightSearch/Info.plist;
				IPHONEOS_DEPLOYMENT_TARGET = 8.0;
				LD_RUNPATH_SEARCH_PATHS = "$(inherited) @executable_path/Frameworks";
				PRODUCT_NAME = "$(TARGET_NAME)";
			};
			name = Release;
		};
		427B9DF61C110EED0056F625 /* Debug */ = {
			isa = XCBuildConfiguration;
			buildSettings = {
				BUNDLE_LOADER = "$(TEST_HOST)";
				FRAMEWORK_SEARCH_PATHS = (
					"$(SDKROOT)/Developer/Library/Frameworks",
					"$(inherited)",
				);
				GCC_PREPROCESSOR_DEFINITIONS = (
					"DEBUG=1",
					"$(inherited)",
				);
				INFOPLIST_FILE = FlightSearchTests/Info.plist;
				LD_RUNPATH_SEARCH_PATHS = "$(inherited) @executable_path/Frameworks @loader_path/Frameworks";
				PRODUCT_NAME = "$(TARGET_NAME)";
				TEST_HOST = "$(BUILT_PRODUCTS_DIR)/FlightSearch.app/FlightSearch";
			};
			name = Debug;
		};
		427B9DF71C110EED0056F625 /* Release */ = {
			isa = XCBuildConfiguration;
			buildSettings = {
				BUNDLE_LOADER = "$(TEST_HOST)";
				FRAMEWORK_SEARCH_PATHS = (
					"$(SDKROOT)/Developer/Library/Frameworks",
					"$(inherited)",
				);
				INFOPLIST_FILE = FlightSearchTests/Info.plist;
				LD_RUNPATH_SEARCH_PATHS = "$(inherited) @executable_path/Frameworks @loader_path/Frameworks";
				PRODUCT_NAME = "$(TARGET_NAME)";
				TEST_HOST = "$(BUILT_PRODUCTS_DIR)/FlightSearch.app/FlightSearch";
			};
			name = Release;
		};
/* End XCBuildConfiguration section */

/* Begin XCConfigurationList section */
		427B9DCA1C110EED0056F625 /* Build configuration list for PBXProject "FlightSearch" */ = {
			isa = XCConfigurationList;
			buildConfigurations = (
				427B9DF01C110EED0056F625 /* Debug */,
				427B9DF11C110EED0056F625 /* Release */,
			);
			defaultConfigurationIsVisible = 0;
			defaultConfigurationName = Release;
		};
		427B9DF21C110EED0056F625 /* Build configuration list for PBXNativeTarget "FlightSearch" */ = {
			isa = XCConfigurationList;
			buildConfigurations = (
				427B9DF31C110EED0056F625 /* Debug */,
				427B9DF41C110EED0056F625 /* Release */,
			);
			defaultConfigurationIsVisible = 0;
			defaultConfigurationName = Release;
		};
		427B9DF51C110EED0056F625 /* Build configuration list for PBXNativeTarget "FlightSearchTests" */ = {
			isa = XCConfigurationList;
			buildConfigurations = (
				427B9DF61C110EED0056F625 /* Debug */,
				427B9DF71C110EED0056F625 /* Release */,
			);
			defaultConfigurationIsVisible = 0;
			defaultConfigurationName = Release;
		};
/* End XCConfigurationList section */
	};
	rootObject = 427B9DC71C110EED0056F625 /* Project object */;
}
